
Microsoft Visual Studio Solution File, Format Version 12.00
# Visual Studio Version 16
VisualStudioVersion = 16.0.31702.278
MinimumVisualStudioVersion = 10.0.40219.1
Project("{FAE04EC0-301F-11D3-BF4B-00C04F79EFBC}") = "Comp1-77229118", "Comp1-77229118\Comp1-77229118.csproj", "{36478815-0B13-45FA-96A7-2CA0849EB061}"
EndProject
Global
	GlobalSection(SolutionConfigurationPlatforms) = preSolution
		Debug|Any CPU = Debug|Any CPU
		Release|Any CPU = Release|Any CPU
	EndGlobalSection
	GlobalSection(ProjectConfigurationPlatforms) = postSolution
		{36478815-0B13-45FA-96A7-2CA0849EB061}.Debug|Any CPU.ActiveCfg = Debug|Any CPU
		{36478815-0B13-45FA-96A7-2CA0849EB061}.Debug|Any CPU.Build.0 = Debug|Any CPU
		{36478815-0B13-45FA-96A7-2CA0849EB061}.Release|Any CPU.ActiveCfg = Release|Any CPU
		{36478815-0B13-45FA-96A7-2CA0849EB061}.Release|Any CPU.Build.0 = Release|Any CPU
	EndGlobalSection
	GlobalSection(SolutionProperties) = preSolution
		HideSolutionNode = FALSE
	EndGlobalSection
	GlobalSection(ExtensibilityGlobals) = postSolution
		SolutionGuid = {4867B38E-EFAD-42A7-ACA4-A53D86615C35}
	EndGlobalSection
EndGlobal
